
Microsoft Visual Studio Solution File, Format Version 12.00
# Visual Studio Version 16
VisualStudioVersion = 25.0.1703.1
MinimumVisualStudioVersion = 10.0.40219.1
Project("{FAE04EC0-301F-11D3-BF4B-00C04F79EFBC}") = "WorkShop", "WorkShop\WorkShop.csproj", "{B4949B82-32F8-44DF-8BD0-CCBD7BC956D1}"
EndProject
Global
	GlobalSection(SolutionConfigurationPlatforms) = preSolution
		Debug|Any CPU = Debug|Any CPU
		Release|Any CPU = Release|Any CPU
	EndGlobalSection
	GlobalSection(ProjectConfigurationPlatforms) = postSolution
		{B4949B82-32F8-44DF-8BD0-CCBD7BC956D1}.Debug|Any CPU.ActiveCfg = Debug|Any CPU
		{B4949B82-32F8-44DF-8BD0-CCBD7BC956D1}.Debug|Any CPU.Build.0 = Debug|Any CPU
		{B4949B82-32F8-44DF-8BD0-CCBD7BC956D1}.Release|Any CPU.ActiveCfg = Release|Any CPU
		{B4949B82-32F8-44DF-8BD0-CCBD7BC956D1}.Release|Any CPU.Build.0 = Release|Any CPU
	EndGlobalSection
	GlobalSection(SolutionProperties) = preSolution
		HideSolutionNode = FALSE
	EndGlobalSection
	GlobalSection(ExtensibilityGlobals) = postSolution
		SolutionGuid = {45E53D98-1C2C-47A6-8C9E-1986014243B8}
	EndGlobalSection
EndGlobal
